PODS:
  - Flutter (1.0.0)
  - signalr_flutter_appbundle (0.0.1):
    - Flutter

DEPENDENCIES:
  - Flutter (from `Flutter`)
  - signalr_flutter_appbundle (from `.symlinks/plugins/signalr_flutter_appbundle/ios`)

EXTERNAL SOURCES:
  Flutter:
    :path: Flutter
  signalr_flutter_appbundle:
    :path: ".symlinks/plugins/signalr_flutter_appbundle/ios"

SPEC CHECKSUMS:
  Flutter: cabc95a1d2626b1b06e7179b784ebcf0c0cde467
  signalr_flutter_appbundle: ced75ce5578b044271476050a051255eaa122dfb

PODFILE CHECKSUM: 0dbd5a87e0ace00c9610d2037ac22083a01f861d

COCOAPODS: 1.16.2
